
Microsoft Visual Studio Solution File, Format Version 12.00
# Visual Studio Version 16
VisualStudioVersion = 16.0.31702.278
MinimumVisualStudioVersion = 10.0.40219.1
Project("{FAE04EC0-301F-11D3-BF4B-00C04F79EFBC}") = "WebNoiThat", "WebNoiThat\WebNoiThat.csproj", "{CF538563-87F0-4154-BC25-1A349AB38A53}"
EndProject
Global
	GlobalSection(SolutionConfigurationPlatforms) = preSolution
		Debug|Any CPU = Debug|Any CPU
		Release|Any CPU = Release|Any CPU
	EndGlobalSection
	GlobalSection(ProjectConfigurationPlatforms) = postSolution
		{CF538563-87F0-4154-BC25-1A349AB38A53}.Debug|Any CPU.ActiveCfg = Debug|Any CPU
		{CF538563-87F0-4154-BC25-1A349AB38A53}.Debug|Any CPU.Build.0 = Debug|Any CPU
		{CF538563-87F0-4154-BC25-1A349AB38A53}.Release|Any CPU.ActiveCfg = Release|Any CPU
		{CF538563-87F0-4154-BC25-1A349AB38A53}.Release|Any CPU.Build.0 = Release|Any CPU
	EndGlobalSection
	GlobalSection(SolutionProperties) = preSolution
		HideSolutionNode = FALSE
	EndGlobalSection
	GlobalSection(ExtensibilityGlobals) = postSolution
		SolutionGuid = {392C4537-E85A-479F-B4D6-4B04B8F4621C}
	EndGlobalSection
EndGlobal
